
Microsoft Visual Studio Solution File, Format Version 12.00
# Visual Studio 15
VisualStudioVersion = 15.0.27703.2047
MinimumVisualStudioVersion = 10.0.40219.1
Project("{FAE04EC0-301F-11D3-BF4B-00C04F79EFBC}") = "KeepinMinder", "KeepinMinder\KeepinMinder.csproj", "{83ABEB62-D757-40DF-BFE3-E864973F2AC7}"
EndProject
Global
	GlobalSection(SolutionConfigurationPlatforms) = preSolution
		Debug|Any CPU = Debug|Any CPU
		Release|Any CPU = Release|Any CPU
	EndGlobalSection
	GlobalSection(ProjectConfigurationPlatforms) = postSolution
		{83ABEB62-D757-40DF-BFE3-E864973F2AC7}.Debug|Any CPU.ActiveCfg = Debug|Any CPU
		{83ABEB62-D757-40DF-BFE3-E864973F2AC7}.Debug|Any CPU.Build.0 = Debug|Any CPU
		{83ABEB62-D757-40DF-BFE3-E864973F2AC7}.Release|Any CPU.ActiveCfg = Release|Any CPU
		{83ABEB62-D757-40DF-BFE3-E864973F2AC7}.Release|Any CPU.Build.0 = Release|Any CPU
	EndGlobalSection
	GlobalSection(SolutionProperties) = preSolution
		HideSolutionNode = FALSE
	EndGlobalSection
	GlobalSection(ExtensibilityGlobals) = postSolution
		SolutionGuid = {F2335EF4-99FF-4F24-AC0C-868D1C064DF0}
	EndGlobalSection
EndGlobal
